// !$*UTF8*$!
{
	archiveVersion = 1;
	classes = {
	};
	objectVersion = 46;
	objects = {

/* Begin PBXBuildFile section */
		FE7081011D63432D004E5FD3 /* AppDelegate.swift in Sources */ = {isa = PBXBuildFile; fileRef = FE7081001D63432D004E5FD3 /* AppDelegate.swift */; };
		FE7081031D63432D004E5FD3 /* ViewController.swift in Sources */ = {isa = PBXBuildFile; fileRef = FE7081021D63432D004E5FD3 /* ViewController.swift */; };
		FE7081061D63432D004E5FD3 /* Main.storyboard in Resources */ = {isa = PBXBuildFile; fileRef = FE7081041D63432D004E5FD3 /* Main.storyboard */; };
		FE7081081D63432D004E5FD3 /* Assets.xcassets in Resources */ = {isa = PBXBuildFile; fileRef = FE7081071D63432D004E5FD3 /* Assets.xcassets */; };
		FE70810B1D63432D004E5FD3 /* LaunchScreen.storyboard in Resources */ = {isa = PBXBuildFile; fileRef = FE7081091D63432D004E5FD3 /* LaunchScreen.storyboard */; };
		FE7081161D63432D004E5FD3 /* CITestTests.swift in Sources */ = {isa = PBXBuildFile; fileRef = FE7081151D63432D004E5FD3 /* CITestTests.swift */; };
		FE7081211D63432E004E5FD3 /* CITestUITests.swift in Sources */ = {isa = PBXBuildFile; fileRef = FE7081201D63432E004E5FD3 /* CITestUITests.swift */; };
/* End PBXBuildFile section */

/* Begin PBXContainerItemProxy section */
		FE7081121D63432D004E5FD3 /* PBXContainerItemProxy */ = {
			isa = PBXContainerItemProxy;
			containerPortal = FE7080F51D63432D004E5FD3 /* Project object */;
			proxyType = 1;
			remoteGlobalIDString = FE7080FC1D63432D004E5FD3;
			remoteInfo = CITest;
		};
		FE70811D1D63432E004E5FD3 /* PBXContainerItemProxy */ = {
			isa = PBXContainerItemProxy;
			containerPortal = FE7080F51D63432D004E5FD3 /* Project object */;
			proxyType = 1;
			remoteGlobalIDString = FE7080FC1D63432D004E5FD3;
			remoteInfo = CITest;
		};
/* End PBXContainerItemProxy section */

/* Begin PBXFileReference section */
		FE7080FD1D63432D004E5FD3 /* CITest.app */ = {isa = PBXFileReference; explicitFileType = wrapper.application; includeInIndex = 0; path = CITest.app; sourceTree = BUILT_PRODUCTS_DIR; };
		FE7081001D63432D004E5FD3 /* AppDelegate.swift */ = {isa = PBXFileReference; lastKnownFileType = sourcecode.swift; path = AppDelegate.swift; sourceTree = "<group>"; };
		FE7081021D63432D004E5FD3 /* ViewController.swift */ = {isa = PBXFileReference; lastKnownFileType = sourcecode.swift; path = ViewController.swift; sourceTree = "<group>"; };
		FE7081051D63432D004E5FD3 /* Base */ = {isa = PBXFileReference; lastKnownFileType = file.storyboard; name = Base; path = Base.lproj/Main.storyboard; sourceTree = "<group>"; };
		FE7081071D63432D004E5FD3 /* Assets.xcassets */ = {isa = PBXFileReference; lastKnownFileType = folder.assetcatalog; path = Assets.xcassets; sourceTree = "<group>"; };
		FE70810A1D63432D004E5FD3 /* Base */ = {isa = PBXFileReference; lastKnownFileType = file.storyboard; name = Base; path = Base.lproj/LaunchScreen.storyboard; sourceTree = "<group>"; };
		FE70810C1D63432D004E5FD3 /* Info.plist */ = {isa = PBXFileReference; lastKnownFileType = text.plist.xml; path = Info.plist; sourceTree = "<group>"; };
		FE7081111D63432D004E5FD3 /* CITestTests.xctest */ = {isa = PBXFileReference; explicitFileType = wrapper.cfbundle; includeInIndex = 0; path = CITestTests.xctest; sourceTree = BUILT_PRODUCTS_DIR; };
		FE7081151D63432D004E5FD3 /* CITestTests.swift */ = {isa = PBXFileReference; lastKnownFileType = sourcecode.swift; path = CITestTests.swift; sourceTree = "<group>"; };
		FE7081171D63432D004E5FD3 /* Info.plist */ = {isa = PBXFileReference; lastKnownFileType = text.plist.xml; path = Info.plist; sourceTree = "<group>"; };
		FE70811C1D63432E004E5FD3 /* CITestUITests.xctest */ = {isa = PBXFileReference; explicitFileType = wrapper.cfbundle; includeInIndex = 0; path = CITestUITests.xctest; sourceTree = BUILT_PRODUCTS_DIR; };
		FE7081201D63432E004E5FD3 /* CITestUITests.swift */ = {isa = PBXFileReference; lastKnownFileType = sourcecode.swift; path = CITestUITests.swift; sourceTree = "<group>"; };
		FE7081221D63432E004E5FD3 /* Info.plist */ = {isa = PBXFileReference; lastKnownFileType = text.plist.xml; path = Info.plist; sourceTree = "<group>"; };
/* End PBXFileReference section */

/* Begin PBXFrameworksBuildPhase section */
		FE7080FA1D63432D004E5FD3 /* Frameworks */ = {
			isa = PBXFrameworksBuildPhase;
			buildActionMask = 2147483647;
			files = (
			);
			runOnlyForDeploymentPostprocessing = 0;
		};
		FE70810E1D63432D004E5FD3 /* Frameworks */ = {
			isa = PBXFrameworksBuildPhase;
			buildActionMask = 2147483647;
			files = (
			);
			runOnlyForDeploymentPostprocessing = 0;
		};
		FE7081191D63432E004E5FD3 /* Frameworks */ = {
			isa = PBXFrameworksBuildPhase;
			buildActionMask = 2147483647;
			files = (
			);
			runOnlyForDeploymentPostprocessing = 0;
		};
/* End PBXFrameworksBuildPhase section */

/* Begin PBXGroup section */
		FE7080F41D63432D004E5FD3 = {
			isa = PBXGroup;
			children = (
				FE7080FF1D63432D004E5FD3 /* CITest */,
				FE7081141D63432D004E5FD3 /* CITestTests */,
				FE70811F1D63432E004E5FD3 /* CITestUITests */,
				FE7080FE1D63432D004E5FD3 /* Products */,
			);
			sourceTree = "<group>";
		};
		FE7080FE1D63432D004E5FD3 /* Products */ = {
			isa = PBXGroup;
			children = (
				FE7080FD1D63432D004E5FD3 /* CITest.app */,
				FE7081111D63432D004E5FD3 /* CITestTests.xctest */,
				FE70811C1D63432E004E5FD3 /* CITestUITests.xctest */,
			);
			name = Products;
			sourceTree = "<group>";
		};
		FE7080FF1D63432D004E5FD3 /* CITest */ = {
			isa = PBXGroup;
			children = (
				FE7081001D63432D004E5FD3 /* AppDelegate.swift */,
				FE7081021D63432D004E5FD3 /* ViewController.swift */,
				FE7081041D63432D004E5FD3 /* Main.storyboard */,
				FE7081071D63432D004E5FD3 /* Assets.xcassets */,
				FE7081091D63432D004E5FD3 /* LaunchScreen.storyboard */,
				FE70810C1D63432D004E5FD3 /* Info.plist */,
			);
			path = CITest;
			sourceTree = "<group>";
		};
		FE7081141D63432D004E5FD3 /* CITestTests */ = {
			isa = PBXGroup;
			children = (
				FE7081151D63432D004E5FD3 /* CITestTests.swift */,
				FE7081171D63432D004E5FD3 /* Info.plist */,
			);
			path = CITestTests;
			sourceTree = "<group>";
		};
		FE70811F1D63432E004E5FD3 /* CITestUITests */ = {
			isa = PBXGroup;
			children = (
				FE7081201D63432E004E5FD3 /* CITestUITests.swift */,
				FE7081221D63432E004E5FD3 /* Info.plist */,
			);
			path = CITestUITests;
			sourceTree = "<group>";
		};
/* End PBXGroup section */

/* Begin PBXNativeTarget section */
		FE7080FC1D63432D004E5FD3 /* CITest */ = {
			isa = PBXNativeTarget;
			buildConfigurationList = FE7081251D63432E004E5FD3 /* Build configuration list for PBXNativeTarget "CITest" */;
			buildPhases = (
				FE7080F91D63432D004E5FD3 /* Sources */,
				FE7080FA1D63432D004E5FD3 /* Frameworks */,
				FE7080FB1D63432D004E5FD3 /* Resources */,
			);
			buildRules = (
			);
			dependencies = (
			);
			name = CITest;
			productName = CITest;
			productReference = FE7080FD1D63432D004E5FD3 /* CITest.app */;
			productType = "com.apple.product-type.application";
		};
		FE7081101D63432D004E5FD3 /* CITestTests */ = {
			isa = PBXNativeTarget;
			buildConfigurationList = FE7081281D63432E004E5FD3 /* Build configuration list for PBXNativeTarget "CITestTests" */;
			buildPhases = (
				FE70810D1D63432D004E5FD3 /* Sources */,
				FE70810E1D63432D004E5FD3 /* Frameworks */,
				FE70810F1D63432D004E5FD3 /* Resources */,
			);
			buildRules = (
			);
			dependencies = (
				FE7081131D63432D004E5FD3 /* PBXTargetDependency */,
			);
			name = CITestTests;
			productName = CITestTests;
			productReference = FE7081111D63432D004E5FD3 /* CITestTests.xctest */;
			productType = "com.apple.product-type.bundle.unit-test";
		};
		FE70811B1D63432E004E5FD3 /* CITestUITests */ = {
			isa = PBXNativeTarget;
			buildConfigurationList = FE70812B1D63432E004E5FD3 /* Build configuration list for PBXNativeTarget "CITestUITests" */;
			buildPhases = (
				FE7081181D63432E004E5FD3 /* Sources */,
				FE7081191D63432E004E5FD3 /* Frameworks */,
				FE70811A1D63432E004E5FD3 /* Resources */,
			);
			buildRules = (
			);
			dependencies = (
				FE70811E1D63432E004E5FD3 /* PBXTargetDependency */,
			);
			name = CITestUITests;
			productName = CITestUITests;
			productReference = FE70811C1D63432E004E5FD3 /* CITestUITests.xctest */;
			productType = "com.apple.product-type.bundle.ui-testing";
		};
/* End PBXNativeTarget section */

/* Begin PBXProject section */
		FE7080F51D63432D004E5FD3 /* Project object */ = {
			isa = PBXProject;
			attributes = {
				LastSwiftUpdateCheck = 0730;
				LastUpgradeCheck = 0730;
				ORGANIZATIONNAME = "Fera Solutions";
				TargetAttributes = {
					FE7080FC1D63432D004E5FD3 = {
						CreatedOnToolsVersion = 7.3.1;
					};
					FE7081101D63432D004E5FD3 = {
						CreatedOnToolsVersion = 7.3.1;
						TestTargetID = FE7080FC1D63432D004E5FD3;
					};
					FE70811B1D63432E004E5FD3 = {
						CreatedOnToolsVersion = 7.3.1;
						TestTargetID = FE7080FC1D63432D004E5FD3;
					};
				};
			};
			buildConfigurationList = FE7080F81D63432D004E5FD3 /* Build configuration list for PBXProject "CITest" */;
			compatibilityVersion = "Xcode 3.2";
			developmentRegion = English;
			hasScannedForEncodings = 0;
			knownRegions = (
				en,
				Base,
			);
			mainGroup = FE7080F41D63432D004E5FD3;
			productRefGroup = FE7080FE1D63432D004E5FD3 /* Products */;
			projectDirPath = "";
			projectRoot = "";
			targets = (
				FE7080FC1D63432D004E5FD3 /* CITest */,
				FE7081101D63432D004E5FD3 /* CITestTests */,
				FE70811B1D63432E004E5FD3 /* CITestUITests */,
			);
		};
/* End PBXProject section */

/* Begin PBXResourcesBuildPhase section */
		FE7080FB1D63432D004E5FD3 /* Resources */ = {
			isa = PBXResourcesBuildPhase;
			buildActionMask = 2147483647;
			files = (
				FE70810B1D63432D004E5FD3 /* LaunchScreen.storyboard in Resources */,
				FE7081081D63432D004E5FD3 /* Assets.xcassets in Resources */,
				FE7081061D63432D004E5FD3 /* Main.storyboard in Resources */,
			);
			runOnlyForDeploymentPostprocessing = 0;
		};
		FE70810F1D63432D004E5FD3 /* Resources */ = {
			isa = PBXResourcesBuildPhase;
			buildActionMask = 2147483647;
			files = (
			);
			runOnlyForDeploymentPostprocessing = 0;
		};
		FE70811A1D63432E004E5FD3 /* Resources */ = {
			isa = PBXResourcesBuildPhase;
			buildActionMask = 2147483647;
			files = (
			);
			runOnlyForDeploymentPostprocessing = 0;
		};
/* End PBXResourcesBuildPhase section */

/* Begin PBXSourcesBuildPhase section */
		FE7080F91D63432D004E5FD3 /* Sources */ = {
			isa = PBXSourcesBuildPhase;
			buildActionMask = 2147483647;
			files = (
				FE7081031D63432D004E5FD3 /* ViewController.swift in Sources */,
				FE7081011D63432D004E5FD3 /* AppDelegate.swift in Sources */,
			);
			runOnlyForDeploymentPostprocessing = 0;
		};
		FE70810D1D63432D004E5FD3 /* Sources */ = {
			isa = PBXSourcesBuildPhase;
			buildActionMask = 2147483647;
			files = (
				FE7081161D63432D004E5FD3 /* CITestTests.swift in Sources */,
			);
			runOnlyForDeploymentPostprocessing = 0;
		};
		FE7081181D63432E004E5FD3 /* Sources */ = {
			isa = PBXSourcesBuildPhase;
			buildActionMask = 2147483647;
			files = (
				FE7081211D63432E004E5FD3 /* CITestUITests.swift in Sources */,
			);
			runOnlyForDeploymentPostprocessing = 0;
		};
/* End PBXSourcesBuildPhase section */

/* Begin PBXTargetDependency section */
		FE7081131D63432D004E5FD3 /* PBXTargetDependency */ = {
			isa = PBXTargetDependency;
			target = FE7080FC1D63432D004E5FD3 /* CITest */;
			targetProxy = FE7081121D63432D004E5FD3 /* PBXContainerItemProxy */;
		};
		FE70811E1D63432E004E5FD3 /* PBXTargetDependency */ = {
			isa = PBXTargetDependency;
			target = FE7080FC1D63432D004E5FD3 /* CITest */;
			targetProxy = FE70811D1D63432E004E5FD3 /* PBXContainerItemProxy */;
		};
/* End PBXTargetDependency section */

/* Begin PBXVariantGroup section */
		FE7081041D63432D004E5FD3 /* Main.storyboard */ = {
			isa = PBXVariantGroup;
			children = (
				FE7081051D63432D004E5FD3 /* Base */,
			);
			name = Main.storyboard;
			sourceTree = "<group>";
		};
		FE7081091D63432D004E5FD3 /* LaunchScreen.storyboard */ = {
			isa = PBXVariantGroup;
			children = (
				FE70810A1D63432D004E5FD3 /* Base */,
			);
			name = LaunchScreen.storyboard;
			sourceTree = "<group>";
		};
/* End PBXVariantGroup section */

/* Begin XCBuildConfiguration section */
		FE7081231D63432E004E5FD3 /* Debug */ = {
			isa = XCBuildConfiguration;
			buildSettings = {
				ALWAYS_SEARCH_USER_PATHS = NO;
				CLANG_ANALYZER_NONNULL = YES;
				CLANG_CXX_LANGUAGE_STANDARD = "gnu++0x";
				CLANG_CXX_LIBRARY = "libc++";
				CLANG_ENABLE_MODULES = YES;
				CLANG_ENABLE_OBJC_ARC = YES;
				CLANG_WARN_BOOL_CONVERSION = YES;
				CLANG_WARN_CONSTANT_CONVERSION = YES;
				CLANG_WARN_DIRECT_OBJC_ISA_USAGE = YES_ERROR;
				CLANG_WARN_EMPTY_BODY = YES;
				CLANG_WARN_ENUM_CONVERSION = YES;
				CLANG_WARN_INT_CONVERSION = YES;
				CLANG_WARN_OBJC_ROOT_CLASS = YES_ERROR;
				CLANG_WARN_UNREACHABLE_CODE = YES;
				CLANG_WARN__DUPLICATE_METHOD_MATCH = YES;
				"CODE_SIGN_IDENTITY[sdk=iphoneos*]" = "iPhone Developer";
				COPY_PHASE_STRIP = NO;
				DEBUG_INFORMATION_FORMAT = dwarf;
				ENABLE_STRICT_OBJC_MSGSEND = YES;
				ENABLE_TESTABILITY = YES;
				GCC_C_LANGUAGE_STANDARD = gnu99;
				GCC_DYNAMIC_NO_PIC = NO;
				GCC_NO_COMMON_BLOCKS = YES;
				GCC_OPTIMIZATION_LEVEL = 0;
				GCC_PREPROCESSOR_DEFINITIONS = (
					"DEBUG=1",
					"$(inherited)",
				);
				GCC_WARN_64_TO_32_BIT_CONVERSION = YES;
				GCC_WARN_ABOUT_RETURN_TYPE = YES_ERROR;
				GCC_WARN_UNDECLARED_SELECTOR = YES;
				GCC_WARN_UNINITIALIZED_AUTOS = YES_AGGRESSIVE;
				GCC_WARN_UNUSED_FUNCTION = YES;
				GCC_WARN_UNUSED_VARIABLE = YES;
				IPHONEOS_DEPLOYMENT_TARGET = 9.3;
				MTL_ENABLE_DEBUG_INFO = YES;
				ONLY_ACTIVE_ARCH = YES;
				SDKROOT = iphoneos;
				SWIFT_OPTIMIZATION_LEVEL = "-Onone";
			};
			name = Debug;
		};
		FE7081241D63432E004E5FD3 /* Release */ = {
			isa = XCBuildConfiguration;
			buildSettings = {
				ALWAYS_SEARCH_USER_PATHS = NO;
				CLANG_ANALYZER_NONNULL = YES;
				CLANG_CXX_LANGUAGE_STANDARD = "gnu++0x";
				CLANG_CXX_LIBRARY = "libc++";
				CLANG_ENABLE_MODULES = YES;
				CLANG_ENABLE_OBJC_ARC = YES;
				CLANG_WARN_BOOL_CONVERSION = YES;
				CLANG_WARN_CONSTANT_CONVERSION = YES;
				CLANG_WARN_DIRECT_OBJC_ISA_USAGE = YES_ERROR;
				CLANG_WARN_EMPTY_BODY = YES;
				CLANG_WARN_ENUM_CONVERSION = YES;
				CLANG_WARN_INT_CONVERSION = YES;
				CLANG_WARN_OBJC_ROOT_CLASS = YES_ERROR;
				CLANG_WARN_UNREACHABLE_CODE = YES;
				CLANG_WARN__DUPLICATE_METHOD_MATCH = YES;
				"CODE_SIGN_IDENTITY[sdk=iphoneos*]" = "iPhone Developer";
				COPY_PHASE_STRIP = NO;
				DEBUG_INFORMATION_FORMAT = "dwarf-with-dsym";
				ENABLE_NS_ASSERTIONS = NO;
				ENABLE_STRICT_OBJC_MSGSEND = YES;
				GCC_C_LANGUAGE_STANDARD = gnu99;
				GCC_NO_COMMON_BLOCKS = YES;
				GCC_WARN_64_TO_32_BIT_CONVERSION = YES;
				GCC_WARN_ABOUT_RETURN_TYPE = YES_ERROR;
				GCC_WARN_UNDECLARED_SELECTOR = YES;
				GCC_WARN_UNINITIALIZED_AUTOS = YES_AGGRESSIVE;
				GCC_WARN_UNUSED_FUNCTION = YES;
				GCC_WARN_UNUSED_VARIABLE = YES;
				IPHONEOS_DEPLOYMENT_TARGET = 9.3;
				MTL_ENABLE_DEBUG_INFO = NO;
				SDKROOT = iphoneos;
				VALIDATE_PRODUCT = YES;
			};
			name = Release;
		};
		FE7081261D63432E004E5FD3 /* Debug */ = {
			isa = XCBuildConfiguration;
			buildSettings = {
				ASSETCATALOG_COMPILER_APPICON_NAME = AppIcon;
				INFOPLIST_FILE = CITest/Info.plist;
				LD_RUNPATH_SEARCH_PATHS = "$(inherited) @executable_path/Frameworks";
				PRODUCT_BUNDLE_IDENTIFIER = br.com.ferasolutions.CITest;
				PRODUCT_NAME = "$(TARGET_NAME)";
			};
			name = Debug;
		};
		FE7081271D63432E004E5FD3 /* Release */ = {
			isa = XCBuildConfiguration;
			buildSettings = {
				ASSETCATALOG_COMPILER_APPICON_NAME = AppIcon;
				INFOPLIST_FILE = CITest/Info.plist;
				LD_RUNPATH_SEARCH_PATHS = "$(inherited) @executable_path/Frameworks";
				PRODUCT_BUNDLE_IDENTIFIER = br.com.ferasolutions.CITest;
				PRODUCT_NAME = "$(TARGET_NAME)";
			};
			name = Release;
		};
		FE7081291D63432E004E5FD3 /* Debug */ = {
			isa = XCBuildConfiguration;
			buildSettings = {
				BUNDLE_LOADER = "$(TEST_HOST)";
				INFOPLIST_FILE = CITestTests/Info.plist;
				LD_RUNPATH_SEARCH_PATHS = "$(inherited) @executable_path/Frameworks @loader_path/Frameworks";
				PRODUCT_BUNDLE_IDENTIFIER = br.com.ferasolutions.CITestTests;
				PRODUCT_NAME = "$(TARGET_NAME)";
				TEST_HOST = "$(BUILT_PRODUCTS_DIR)/CITest.app/CITest";
			};
			name = Debug;
		};
		FE70812A1D63432E004E5FD3 /* Release */ = {
			isa = XCBuildConfiguration;
			buildSettings = {
				BUNDLE_LOADER = "$(TEST_HOST)";
				INFOPLIST_FILE = CITestTests/Info.plist;
				LD_RUNPATH_SEARCH_PATHS = "$(inherited) @executable_path/Frameworks @loader_path/Frameworks";
				PRODUCT_BUNDLE_IDENTIFIER = br.com.ferasolutions.CITestTests;
				PRODUCT_NAME = "$(TARGET_NAME)";
				TEST_HOST = "$(BUILT_PRODUCTS_DIR)/CITest.app/CITest";
			};
			name = Release;
		};
		FE70812C1D63432E004E5FD3 /* Debug */ = {
			isa = XCBuildConfiguration;
			buildSettings = {
				INFOPLIST_FILE = CITestUITests/Info.plist;
				LD_RUNPATH_SEARCH_PATHS = "$(inherited) @executable_path/Frameworks @loader_path/Frameworks";
				PRODUCT_BUNDLE_IDENTIFIER = br.com.ferasolutions.CITestUITests;
				PRODUCT_NAME = "$(TARGET_NAME)";
				TEST_TARGET_NAME = CITest;
			};
			name = Debug;
		};
		FE70812D1D63432E004E5FD3 /* Release */ = {
			isa = XCBuildConfiguration;
			buildSettings = {
				INFOPLIST_FILE = CITestUITests/Info.plist;
				LD_RUNPATH_SEARCH_PATHS = "$(inherited) @executable_path/Frameworks @loader_path/Frameworks";
				PRODUCT_BUNDLE_IDENTIFIER = br.com.ferasolutions.CITestUITests;
				PRODUCT_NAME = "$(TARGET_NAME)";
				TEST_TARGET_NAME = CITest;
			};
			name = Release;
		};
/* End XCBuildConfiguration section */

/* Begin XCConfigurationList section */
		FE7080F81D63432D004E5FD3 /* Build configuration list for PBXProject "CITest" */ = {
			isa = XCConfigurationList;
			buildConfigurations = (
				FE7081231D63432E004E5FD3 /* Debug */,
				FE7081241D63432E004E5FD3 /* Release */,
			);
			defaultConfigurationIsVisible = 0;
			defaultConfigurationName = Release;
		};
		FE7081251D63432E004E5FD3 /* Build configuration list for PBXNativeTarget "CITest" */ = {
			isa = XCConfigurationList;
			buildConfigurations = (
				FE7081261D63432E004E5FD3 /* Debug */,
				FE7081271D63432E004E5FD3 /* Release */,
			);
			defaultConfigurationIsVisible = 0;
		};
		FE7081281D63432E004E5FD3 /* Build configuration list for PBXNativeTarget "CITestTests" */ = {
			isa = XCConfigurationList;
			buildConfigurations = (
				FE7081291D63432E004E5FD3 /* Debug */,
				FE70812A1D63432E004E5FD3 /* Release */,
			);
			defaultConfigurationIsVisible = 0;
		};
		FE70812B1D63432E004E5FD3 /* Build configuration list for PBXNativeTarget "CITestUITests" */ = {
			isa = XCConfigurationList;
			buildConfigurations = (
				FE70812C1D63432E004E5FD3 /* Debug */,
				FE70812D1D63432E004E5FD3 /* Release */,
			);
			defaultConfigurationIsVisible = 0;
		};
/* End XCConfigurationList section */
	};
	rootObject = FE7080F51D63432D004E5FD3 /* Project object */;
}
